
Microsoft Visual Studio Solution File, Format Version 12.00
# Visual Studio 15
VisualStudioVersion = 15.0.28307.106
MinimumVisualStudioVersion = 10.0.40219.1
Project("{8BC9CEB8-8B4A-11D0-8D11-00A0C91BC942}") = "12.8DP集训D(补)", "12.8DP集训D(补)\12.8DP集训D(补).vcxproj", "{023B4A78-8118-4DAA-977E-7561BB6E397F}"
EndProject
Global
	GlobalSection(SolutionConfigurationPlatforms) = preSolution
		Debug|x64 = Debug|x64
		Debug|x86 = Debug|x86
		Release|x64 = Release|x64
		Release|x86 = Release|x86
	EndGlobalSection
	GlobalSection(ProjectConfigurationPlatforms) = postSolution
		{023B4A78-8118-4DAA-977E-7561BB6E397F}.Debug|x64.ActiveCfg = Debug|x64
		{023B4A78-8118-4DAA-977E-7561BB6E397F}.Debug|x64.Build.0 = Debug|x64
		{023B4A78-8118-4DAA-977E-7561BB6E397F}.Debug|x86.ActiveCfg = Debug|Win32
		{023B4A78-8118-4DAA-977E-7561BB6E397F}.Debug|x86.Build.0 = Debug|Win32
		{023B4A78-8118-4DAA-977E-7561BB6E397F}.Release|x64.ActiveCfg = Release|x64
		{023B4A78-8118-4DAA-977E-7561BB6E397F}.Release|x64.Build.0 = Release|x64
		{023B4A78-8118-4DAA-977E-7561BB6E397F}.Release|x86.ActiveCfg = Release|Win32
		{023B4A78-8118-4DAA-977E-7561BB6E397F}.Release|x86.Build.0 = Release|Win32
	EndGlobalSection
	GlobalSection(SolutionProperties) = preSolution
		HideSolutionNode = FALSE
	EndGlobalSection
	GlobalSection(ExtensibilityGlobals) = postSolution
		SolutionGuid = {7AD5180E-0539-4401-BB5D-68EECEEE9524}
	EndGlobalSection
EndGlobal
