
Microsoft Visual Studio Solution File, Format Version 12.00
# Visual Studio 15
VisualStudioVersion = 15.0.27703.2035
MinimumVisualStudioVersion = 10.0.40219.1
Project("{8BC9CEB8-8B4A-11D0-8D11-00A0C91BC942}") = "1071向量求和", "1071向量求和\1071向量求和.vcxproj", "{F42A1A04-0EFD-44BE-861A-11D0A046221D}"
EndProject
Global
	GlobalSection(SolutionConfigurationPlatforms) = preSolution
		Debug|x64 = Debug|x64
		Debug|x86 = Debug|x86
		Release|x64 = Release|x64
		Release|x86 = Release|x86
	EndGlobalSection
	GlobalSection(ProjectConfigurationPlatforms) = postSolution
		{F42A1A04-0EFD-44BE-861A-11D0A046221D}.Debug|x64.ActiveCfg = Debug|x64
		{F42A1A04-0EFD-44BE-861A-11D0A046221D}.Debug|x64.Build.0 = Debug|x64
		{F42A1A04-0EFD-44BE-861A-11D0A046221D}.Debug|x86.ActiveCfg = Debug|Win32
		{F42A1A04-0EFD-44BE-861A-11D0A046221D}.Debug|x86.Build.0 = Debug|Win32
		{F42A1A04-0EFD-44BE-861A-11D0A046221D}.Release|x64.ActiveCfg = Release|x64
		{F42A1A04-0EFD-44BE-861A-11D0A046221D}.Release|x64.Build.0 = Release|x64
		{F42A1A04-0EFD-44BE-861A-11D0A046221D}.Release|x86.ActiveCfg = Release|Win32
		{F42A1A04-0EFD-44BE-861A-11D0A046221D}.Release|x86.Build.0 = Release|Win32
	EndGlobalSection
	GlobalSection(SolutionProperties) = preSolution
		HideSolutionNode = FALSE
	EndGlobalSection
	GlobalSection(ExtensibilityGlobals) = postSolution
		SolutionGuid = {7954B7A8-38A2-4577-B95A-571C2DE728B9}
	EndGlobalSection
EndGlobal
