
Microsoft Visual Studio Solution File, Format Version 12.00
# Visual Studio 15
VisualStudioVersion = 15.0.28307.168
MinimumVisualStudioVersion = 10.0.40219.1
Project("{8BC9CEB8-8B4A-11D0-8D11-00A0C91BC942}") = "P1052过河", "P1052过河\P1052过河.vcxproj", "{9A9BE5F8-E16D-4D1A-AA62-3A2C0559D179}"
EndProject
Global
	GlobalSection(SolutionConfigurationPlatforms) = preSolution
		Debug|x64 = Debug|x64
		Debug|x86 = Debug|x86
		Release|x64 = Release|x64
		Release|x86 = Release|x86
	EndGlobalSection
	GlobalSection(ProjectConfigurationPlatforms) = postSolution
		{9A9BE5F8-E16D-4D1A-AA62-3A2C0559D179}.Debug|x64.ActiveCfg = Debug|x64
		{9A9BE5F8-E16D-4D1A-AA62-3A2C0559D179}.Debug|x64.Build.0 = Debug|x64
		{9A9BE5F8-E16D-4D1A-AA62-3A2C0559D179}.Debug|x86.ActiveCfg = Debug|Win32
		{9A9BE5F8-E16D-4D1A-AA62-3A2C0559D179}.Debug|x86.Build.0 = Debug|Win32
		{9A9BE5F8-E16D-4D1A-AA62-3A2C0559D179}.Release|x64.ActiveCfg = Release|x64
		{9A9BE5F8-E16D-4D1A-AA62-3A2C0559D179}.Release|x64.Build.0 = Release|x64
		{9A9BE5F8-E16D-4D1A-AA62-3A2C0559D179}.Release|x86.ActiveCfg = Release|Win32
		{9A9BE5F8-E16D-4D1A-AA62-3A2C0559D179}.Release|x86.Build.0 = Release|Win32
	EndGlobalSection
	GlobalSection(SolutionProperties) = preSolution
		HideSolutionNode = FALSE
	EndGlobalSection
	GlobalSection(ExtensibilityGlobals) = postSolution
		SolutionGuid = {003F43D4-0FF6-4173-9963-C80DCCAFB585}
	EndGlobalSection
EndGlobal
