
Microsoft Visual Studio Solution File, Format Version 12.00
# Visual Studio 15
VisualStudioVersion = 15.0.27703.2035
MinimumVisualStudioVersion = 10.0.40219.1
Project("{8BC9CEB8-8B4A-11D0-8D11-00A0C91BC942}") = "1020最长最短单词", "1020最长最短单词\1020最长最短单词.vcxproj", "{120EE028-21DD-46C6-9A32-3FBD5E1FBF40}"
EndProject
Global
	GlobalSection(SolutionConfigurationPlatforms) = preSolution
		Debug|x64 = Debug|x64
		Debug|x86 = Debug|x86
		Release|x64 = Release|x64
		Release|x86 = Release|x86
	EndGlobalSection
	GlobalSection(ProjectConfigurationPlatforms) = postSolution
		{120EE028-21DD-46C6-9A32-3FBD5E1FBF40}.Debug|x64.ActiveCfg = Debug|x64
		{120EE028-21DD-46C6-9A32-3FBD5E1FBF40}.Debug|x64.Build.0 = Debug|x64
		{120EE028-21DD-46C6-9A32-3FBD5E1FBF40}.Debug|x86.ActiveCfg = Debug|Win32
		{120EE028-21DD-46C6-9A32-3FBD5E1FBF40}.Debug|x86.Build.0 = Debug|Win32
		{120EE028-21DD-46C6-9A32-3FBD5E1FBF40}.Release|x64.ActiveCfg = Release|x64
		{120EE028-21DD-46C6-9A32-3FBD5E1FBF40}.Release|x64.Build.0 = Release|x64
		{120EE028-21DD-46C6-9A32-3FBD5E1FBF40}.Release|x86.ActiveCfg = Release|Win32
		{120EE028-21DD-46C6-9A32-3FBD5E1FBF40}.Release|x86.Build.0 = Release|Win32
	EndGlobalSection
	GlobalSection(SolutionProperties) = preSolution
		HideSolutionNode = FALSE
	EndGlobalSection
	GlobalSection(ExtensibilityGlobals) = postSolution
		SolutionGuid = {A0061166-1381-4CF7-8E43-AA61AE85BA42}
	EndGlobalSection
EndGlobal
