
Microsoft Visual Studio Solution File, Format Version 12.00
# Visual Studio 15
VisualStudioVersion = 15.0.28307.136
MinimumVisualStudioVersion = 10.0.40219.1
Project("{888888A0-9F3D-457C-B088-3A5042F75D52}") = "ipv6", "ipv6\ipv6.pyproj", "{DCBF1AAD-BD1E-4E05-B4C6-B179FB9163BA}"
EndProject
Global
	GlobalSection(SolutionConfigurationPlatforms) = preSolution
		Debug|Any CPU = Debug|Any CPU
		Release|Any CPU = Release|Any CPU
	EndGlobalSection
	GlobalSection(ProjectConfigurationPlatforms) = postSolution
		{DCBF1AAD-BD1E-4E05-B4C6-B179FB9163BA}.Debug|Any CPU.ActiveCfg = Debug|Any CPU
		{DCBF1AAD-BD1E-4E05-B4C6-B179FB9163BA}.Release|Any CPU.ActiveCfg = Release|Any CPU
	EndGlobalSection
	GlobalSection(SolutionProperties) = preSolution
		HideSolutionNode = FALSE
	EndGlobalSection
	GlobalSection(ExtensibilityGlobals) = postSolution
		SolutionGuid = {D04F8392-6BB3-4EDE-AC68-4FFDDFAFE2BE}
	EndGlobalSection
EndGlobal
