
Microsoft Visual Studio Solution File, Format Version 12.00
# Visual Studio 15
VisualStudioVersion = 15.0.28307.329
MinimumVisualStudioVersion = 10.0.40219.1
Project("{8BC9CEB8-8B4A-11D0-8D11-00A0C91BC942}") = "P1403约数研究(AHOI2005)", "P1403约数研究(AHOI2005)\P1403约数研究(AHOI2005).vcxproj", "{326E1AA7-BAA5-4766-996E-A5C5E9D04F5C}"
EndProject
Global
	GlobalSection(SolutionConfigurationPlatforms) = preSolution
		Debug|x64 = Debug|x64
		Debug|x86 = Debug|x86
		Release|x64 = Release|x64
		Release|x86 = Release|x86
	EndGlobalSection
	GlobalSection(ProjectConfigurationPlatforms) = postSolution
		{326E1AA7-BAA5-4766-996E-A5C5E9D04F5C}.Debug|x64.ActiveCfg = Debug|x64
		{326E1AA7-BAA5-4766-996E-A5C5E9D04F5C}.Debug|x64.Build.0 = Debug|x64
		{326E1AA7-BAA5-4766-996E-A5C5E9D04F5C}.Debug|x86.ActiveCfg = Debug|Win32
		{326E1AA7-BAA5-4766-996E-A5C5E9D04F5C}.Debug|x86.Build.0 = Debug|Win32
		{326E1AA7-BAA5-4766-996E-A5C5E9D04F5C}.Release|x64.ActiveCfg = Release|x64
		{326E1AA7-BAA5-4766-996E-A5C5E9D04F5C}.Release|x64.Build.0 = Release|x64
		{326E1AA7-BAA5-4766-996E-A5C5E9D04F5C}.Release|x86.ActiveCfg = Release|Win32
		{326E1AA7-BAA5-4766-996E-A5C5E9D04F5C}.Release|x86.Build.0 = Release|Win32
	EndGlobalSection
	GlobalSection(SolutionProperties) = preSolution
		HideSolutionNode = FALSE
	EndGlobalSection
	GlobalSection(ExtensibilityGlobals) = postSolution
		SolutionGuid = {5E8BBAFB-DB53-49C6-84B9-E6E098A8661A}
	EndGlobalSection
EndGlobal
