
Microsoft Visual Studio Solution File, Format Version 12.00
# Visual Studio 15
VisualStudioVersion = 15.0.27703.2035
MinimumVisualStudioVersion = 10.0.40219.1
Project("{8BC9CEB8-8B4A-11D0-8D11-00A0C91BC942}") = "100４大数a+b", "100４大数a+b\100４大数a+b.vcxproj", "{F2CBA926-EC3D-450D-92C5-1BC9321093D4}"
EndProject
Global
	GlobalSection(SolutionConfigurationPlatforms) = preSolution
		Debug|x64 = Debug|x64
		Debug|x86 = Debug|x86
		Release|x64 = Release|x64
		Release|x86 = Release|x86
	EndGlobalSection
	GlobalSection(ProjectConfigurationPlatforms) = postSolution
		{F2CBA926-EC3D-450D-92C5-1BC9321093D4}.Debug|x64.ActiveCfg = Debug|x64
		{F2CBA926-EC3D-450D-92C5-1BC9321093D4}.Debug|x64.Build.0 = Debug|x64
		{F2CBA926-EC3D-450D-92C5-1BC9321093D4}.Debug|x86.ActiveCfg = Debug|Win32
		{F2CBA926-EC3D-450D-92C5-1BC9321093D4}.Debug|x86.Build.0 = Debug|Win32
		{F2CBA926-EC3D-450D-92C5-1BC9321093D4}.Release|x64.ActiveCfg = Release|x64
		{F2CBA926-EC3D-450D-92C5-1BC9321093D4}.Release|x64.Build.0 = Release|x64
		{F2CBA926-EC3D-450D-92C5-1BC9321093D4}.Release|x86.ActiveCfg = Release|Win32
		{F2CBA926-EC3D-450D-92C5-1BC9321093D4}.Release|x86.Build.0 = Release|Win32
	EndGlobalSection
	GlobalSection(SolutionProperties) = preSolution
		HideSolutionNode = FALSE
	EndGlobalSection
	GlobalSection(ExtensibilityGlobals) = postSolution
		SolutionGuid = {43D410FC-91DD-4018-AF7B-AFD50DF8C82D}
	EndGlobalSection
EndGlobal
