
Microsoft Visual Studio Solution File, Format Version 12.00
# Visual Studio 15
VisualStudioVersion = 15.0.27703.2035
MinimumVisualStudioVersion = 10.0.40219.1
Project("{8BC9CEB8-8B4A-11D0-8D11-00A0C91BC942}") = "1019修改字符串", "1019修改字符串\1019修改字符串.vcxproj", "{D6DAD0C3-FC0B-46AB-999B-D0EEDBF5C45B}"
EndProject
Global
	GlobalSection(SolutionConfigurationPlatforms) = preSolution
		Debug|x64 = Debug|x64
		Debug|x86 = Debug|x86
		Release|x64 = Release|x64
		Release|x86 = Release|x86
	EndGlobalSection
	GlobalSection(ProjectConfigurationPlatforms) = postSolution
		{D6DAD0C3-FC0B-46AB-999B-D0EEDBF5C45B}.Debug|x64.ActiveCfg = Debug|x64
		{D6DAD0C3-FC0B-46AB-999B-D0EEDBF5C45B}.Debug|x64.Build.0 = Debug|x64
		{D6DAD0C3-FC0B-46AB-999B-D0EEDBF5C45B}.Debug|x86.ActiveCfg = Debug|Win32
		{D6DAD0C3-FC0B-46AB-999B-D0EEDBF5C45B}.Debug|x86.Build.0 = Debug|Win32
		{D6DAD0C3-FC0B-46AB-999B-D0EEDBF5C45B}.Release|x64.ActiveCfg = Release|x64
		{D6DAD0C3-FC0B-46AB-999B-D0EEDBF5C45B}.Release|x64.Build.0 = Release|x64
		{D6DAD0C3-FC0B-46AB-999B-D0EEDBF5C45B}.Release|x86.ActiveCfg = Release|Win32
		{D6DAD0C3-FC0B-46AB-999B-D0EEDBF5C45B}.Release|x86.Build.0 = Release|Win32
	EndGlobalSection
	GlobalSection(SolutionProperties) = preSolution
		HideSolutionNode = FALSE
	EndGlobalSection
	GlobalSection(ExtensibilityGlobals) = postSolution
		SolutionGuid = {06D7A9E0-EF5E-45C4-891B-C7AE31A028D3}
	EndGlobalSection
EndGlobal
