
Microsoft Visual Studio Solution File, Format Version 12.00
# Visual Studio Version 16
VisualStudioVersion = 16.0.28721.148
MinimumVisualStudioVersion = 10.0.40219.1
Project("{8BC9CEB8-8B4A-11D0-8D11-00A0C91BC942}") = "HeapBasedPriorityQueue", "HeapBasedPriorityQueue.vcxproj", "{51E74291-1E1D-4CB8-8550-41C40FF22E13}"
EndProject
Global
	GlobalSection(SolutionConfigurationPlatforms) = preSolution
		Debug|x64 = Debug|x64
		Debug|x86 = Debug|x86
		Release|x64 = Release|x64
		Release|x86 = Release|x86
	EndGlobalSection
	GlobalSection(ProjectConfigurationPlatforms) = postSolution
		{51E74291-1E1D-4CB8-8550-41C40FF22E13}.Debug|x64.ActiveCfg = Debug|x64
		{51E74291-1E1D-4CB8-8550-41C40FF22E13}.Debug|x64.Build.0 = Debug|x64
		{51E74291-1E1D-4CB8-8550-41C40FF22E13}.Debug|x86.ActiveCfg = Debug|Win32
		{51E74291-1E1D-4CB8-8550-41C40FF22E13}.Debug|x86.Build.0 = Debug|Win32
		{51E74291-1E1D-4CB8-8550-41C40FF22E13}.Release|x64.ActiveCfg = Release|x64
		{51E74291-1E1D-4CB8-8550-41C40FF22E13}.Release|x64.Build.0 = Release|x64
		{51E74291-1E1D-4CB8-8550-41C40FF22E13}.Release|x86.ActiveCfg = Release|Win32
		{51E74291-1E1D-4CB8-8550-41C40FF22E13}.Release|x86.Build.0 = Release|Win32
	EndGlobalSection
	GlobalSection(SolutionProperties) = preSolution
		HideSolutionNode = FALSE
	EndGlobalSection
	GlobalSection(ExtensibilityGlobals) = postSolution
		SolutionGuid = {556AC7EB-B648-47DB-893F-15830F160CE8}
	EndGlobalSection
EndGlobal
